Microsoft Visual Studio Solution File, Format Version 12.00
# Visual Studio Version 17
VisualStudioVersion = 17.5.2.0
MinimumVisualStudioVersion = 10.0.40219.1
Project("{2150E333-8FDC-42A3-9474-1A3956D46DE8}") = "codexdominion-schemas", "codexdominion-schemas", "{326E6B92-46A6-D583-C3E9-EC5184B8A6AB}"
EndProject
Project("{2150E333-8FDC-42A3-9474-1A3956D46DE8}") = "templates", "templates", "{BA42DEF6-6437-E614-AB84-275B87089BF1}"
EndProject
Project("{2150E333-8FDC-42A3-9474-1A3956D46DE8}") = "alicloud-csharp", "alicloud-csharp", "{616C0FE8-3E0D-E740-2A09-7B09D793798A}"
EndProject
Project("{FAE04EC0-301F-11D3-BF4B-00C04F79EFBC}") = "${PROJECT}", "codexdominion-schemas\templates\alicloud-csharp\${PROJECT}.csproj", "{E0125D90-ADDB-C41A-B7FE-AEAF9EC0FD05}"
EndProject
Project("{2150E333-8FDC-42A3-9474-1A3956D46DE8}") = "auth0-csharp", "auth0-csharp", "{E873E229-213C-D7E4-7551-86AB47AB9DF2}"
EndProject
Project("{FAE04EC0-301F-11D3-BF4B-00C04F79EFBC}") = "${PROJECT}", "codexdominion-schemas\templates\auth0-csharp\${PROJECT}.csproj", "{D4FD7002-E03E-8C45-6940-007D7682CF0F}"
EndProject
Project("{2150E333-8FDC-42A3-9474-1A3956D46DE8}") = "aws-csharp", "aws-csharp", "{5B689BFD-A9A8-A00D-5686-F093B8011554}"
EndProject
Project("{FAE04EC0-301F-11D3-BF4B-00C04F79EFBC}") = "${PROJECT}", "codexdominion-schemas\templates\aws-csharp\${PROJECT}.csproj", "{8E547E9A-4CE8-6203-8792-D5024E2155C0}"
EndProject
Project("{2150E333-8FDC-42A3-9474-1A3956D46DE8}") = "azure-classic-csharp", "azure-classic-csharp", "{6C7B854C-61B3-0240-1474-B30247930667}"
EndProject
Project("{FAE04EC0-301F-11D3-BF4B-00C04F79EFBC}") = "${PROJECT}", "codexdominion-schemas\templates\azure-classic-csharp\${PROJECT}.csproj", "{4E91003D-8500-06B3-4A89-FB372F0D1775}"
EndProject
Project("{2150E333-8FDC-42A3-9474-1A3956D46DE8}") = "azure-csharp", "azure-csharp", "{514D8CF6-8C03-C734-DB15-B1A15FE2A275}"
EndProject
Project("{FAE04EC0-301F-11D3-BF4B-00C04F79EFBC}") = "${PROJECT}", "codexdominion-schemas\templates\azure-csharp\${PROJECT}.csproj", "{14B7EF65-8DBA-5245-51B6-ABE0E257010D}"
EndProject
Project("{2150E333-8FDC-42A3-9474-1A3956D46DE8}") = "container-aws-csharp", "container-aws-csharp", "{C474A3A4-4C83-388D-EBA9-1128A73408FE}"
EndProject
Project("{FAE04EC0-301F-11D3-BF4B-00C04F79EFBC}") = "${PROJECT}", "codexdominion-schemas\templates\container-aws-csharp\${PROJECT}.csproj", "{0A1A1494-D9A7-84A6-0F31-9E35B54A60CD}"
EndProject
Project("{2150E333-8FDC-42A3-9474-1A3956D46DE8}") = "container-azure-csharp", "container-azure-csharp", "{5CFC6A6C-21CE-5510-36F1-82F822A5BD16}"
EndProject
Project("{FAE04EC0-301F-11D3-BF4B-00C04F79EFBC}") = "${PROJECT}", "codexdominion-schemas\templates\container-azure-csharp\${PROJECT}.csproj", "{7BC4A4CB-E535-43CB-4DAD-AFF7F9E8389E}"
EndProject
Project("{2150E333-8FDC-42A3-9474-1A3956D46DE8}") = "container-gcp-csharp", "container-gcp-csharp", "{E607C671-C2CA-7EA3-BA30-F6E2967D5615}"
EndProject
Project("{FAE04EC0-301F-11D3-BF4B-00C04F79EFBC}") = "${PROJECT}", "codexdominion-schemas\templates\container-gcp-csharp\${PROJECT}.csproj", "{35AA2C38-2116-3F43-5C28-D7568E0D3D61}"
EndProject
Project("{2150E333-8FDC-42A3-9474-1A3956D46DE8}") = "csharp", "csharp", "{32F90638-96B0-FB3B-ADEB-8FDF192807EA}"
EndProject
Project("{FAE04EC0-301F-11D3-BF4B-00C04F79EFBC}") = "${PROJECT}", "codexdominion-schemas\templates\csharp\${PROJECT}.csproj", "{78CA5F9F-E015-435A-54F8-AA5000E6C5DE}"
EndProject
Project("{2150E333-8FDC-42A3-9474-1A3956D46DE8}") = "gcp-csharp", "gcp-csharp", "{512DF26F-6C1D-B15F-2615-F4BAC39A31B9}"
EndProject
Project("{FAE04EC0-301F-11D3-BF4B-00C04F79EFBC}") = "${PROJECT}", "codexdominion-schemas\templates\gcp-csharp\${PROJECT}.csproj", "{D87CC76D-A8FE-B88B-E72A-99C7F7947E61}"
EndProject
Project("{2150E333-8FDC-42A3-9474-1A3956D46DE8}") = "github-csharp", "github-csharp", "{F60FC17E-B561-A404-8E16-80D976213B35}"
EndProject
Project("{FAE04EC0-301F-11D3-BF4B-00C04F79EFBC}") = "${PROJECT}", "codexdominion-schemas\templates\github-csharp\${PROJECT}.csproj", "{8B6B9575-CDB1-B72C-72A0-6D2077B0DEB8}"
EndProject
Project("{2150E333-8FDC-42A3-9474-1A3956D46DE8}") = "google-native-csharp", "google-native-csharp", "{106A471C-AAF0-FDEA-4DDA-119C022C11F0}"
EndProject
Project("{FAE04EC0-301F-11D3-BF4B-00C04F79EFBC}") = "${PROJECT}", "codexdominion-schemas\templates\google-native-csharp\${PROJECT}.csproj", "{DAA8B02F-53AD-E284-D6CA-6D64FA57A64D}"
EndProject
Project("{2150E333-8FDC-42A3-9474-1A3956D46DE8}") = "helm-kubernetes-csharp", "helm-kubernetes-csharp", "{3F398138-DFAF-F284-A359-604029D1A071}"
EndProject
Project("{FAE04EC0-301F-11D3-BF4B-00C04F79EFBC}") = "${PROJECT}", "codexdominion-schemas\templates\helm-kubernetes-csharp\${PROJECT}.csproj", "{C6EF5606-5427-B2ED-BBA4-CE1715F6206E}"
EndProject
Project("{2150E333-8FDC-42A3-9474-1A3956D46DE8}") = "kubernetes-aws-csharp", "kubernetes-aws-csharp", "{E1FEF687-3E18-D85F-E8D5-B5C5080C65C3}"
EndProject
Project("{FAE04EC0-301F-11D3-BF4B-00C04F79EFBC}") = "${PROJECT}", "codexdominion-schemas\templates\kubernetes-aws-csharp\${PROJECT}.csproj", "{834CC12E-EE16-3248-245B-4D50ABB48FB0}"
EndProject
Project("{2150E333-8FDC-42A3-9474-1A3956D46DE8}") = "kubernetes-azure-csharp", "kubernetes-azure-csharp", "{4CF41EE4-CAC7-E242-A43E-187D4E8B3A09}"
EndProject
Project("{FAE04EC0-301F-11D3-BF4B-00C04F79EFBC}") = "${PROJECT}", "codexdominion-schemas\templates\kubernetes-azure-csharp\${PROJECT}.csproj", "{8368CDAF-5C9D-93DF-D3DA-A84C23BFE6BA}"
EndProject
Project("{2150E333-8FDC-42A3-9474-1A3956D46DE8}") = "kubernetes-csharp", "kubernetes-csharp", "{7F95D7F3-BB7E-E6C1-6634-DBDC62263330}"
EndProject
Project("{FAE04EC0-301F-11D3-BF4B-00C04F79EFBC}") = "${PROJECT}", "codexdominion-schemas\templates\kubernetes-csharp\${PROJECT}.csproj", "{711C01B2-4001-8AE1-2EE2-964C403B847B}"
EndProject
Project("{2150E333-8FDC-42A3-9474-1A3956D46DE8}") = "kubernetes-gcp-csharp", "kubernetes-gcp-csharp", "{2C693D8B-0FFA-4FE3-D426-9ECE29013F21}"
EndProject
Project("{FAE04EC0-301F-11D3-BF4B-00C04F79EFBC}") = "${PROJECT}", "codexdominion-schemas\templates\kubernetes-gcp-csharp\${PROJECT}.csproj", "{7B4A0CE4-6EC4-0AF1-6B4D-1E107032E516}"
EndProject
Project("{2150E333-8FDC-42A3-9474-1A3956D46DE8}") = "kubernetes-ovh-csharp", "kubernetes-ovh-csharp", "{52C36CB3-9DA1-E8C4-D2FC-6DCBA58454B9}"
EndProject
Project("{FAE04EC0-301F-11D3-BF4B-00C04F79EFBC}") = "${PROJECT}", "codexdominion-schemas\templates\kubernetes-ovh-csharp\${PROJECT}.csproj", "{F2A91AA3-E8AF-4D39-A190-4F36B8D015A0}"
EndProject
Project("{2150E333-8FDC-42A3-9474-1A3956D46DE8}") = "ovh-csharp", "ovh-csharp", "{29CACCD9-2640-D2BF-8492-8460C9D349D1}"
EndProject
Project("{FAE04EC0-301F-11D3-BF4B-00C04F79EFBC}") = "${PROJECT}", "codexdominion-schemas\templates\ovh-csharp\${PROJECT}.csproj", "{7EEFECAE-34DE-9F0A-46B7-17A53A37D084}"
EndProject
Project("{2150E333-8FDC-42A3-9474-1A3956D46DE8}") = "pinecone-csharp", "pinecone-csharp", "{5EE36ECD-C460-E4D5-A299-F5DBC71FE02C}"
EndProject
Project("{FAE04EC0-301F-11D3-BF4B-00C04F79EFBC}") = "${PROJECT}", "codexdominion-schemas\templates\pinecone-csharp\${PROJECT}.csproj", "{E793DCA7-D640-DC25-9E74-E7E828753E29}"
EndProject
Project("{2150E333-8FDC-42A3-9474-1A3956D46DE8}") = "random-csharp", "random-csharp", "{400D0542-7964-B962-6194-2317E4274C1B}"
EndProject
Project("{FAE04EC0-301F-11D3-BF4B-00C04F79EFBC}") = "${PROJECT}", "codexdominion-schemas\templates\random-csharp\${PROJECT}.csproj", "{2DF57BB4-6391-DBEF-E968-3F9631795B93}"
EndProject
Project("{2150E333-8FDC-42A3-9474-1A3956D46DE8}") = "serverless-aws-csharp", "serverless-aws-csharp", "{12C131EB-2456-DBBC-6A40-9ADF989094B4}"
EndProject
Project("{FAE04EC0-301F-11D3-BF4B-00C04F79EFBC}") = "${PROJECT}", "codexdominion-schemas\templates\serverless-aws-csharp\${PROJECT}.csproj", "{36819E0A-55E7-4FA1-A7A6-0FCEED199380}"
EndProject
Project("{2150E333-8FDC-42A3-9474-1A3956D46DE8}") = "serverless-azure-csharp", "serverless-azure-csharp", "{FD977CE8-F2BA-F299-C292-C47623DC39E6}"
EndProject
Project("{FAE04EC0-301F-11D3-BF4B-00C04F79EFBC}") = "${PROJECT}", "codexdominion-schemas\templates\serverless-azure-csharp\${PROJECT}.csproj", "{B19B59C3-AB85-216C-58D6-8E378478A385}"
EndProject
Project("{2150E333-8FDC-42A3-9474-1A3956D46DE8}") = "serverless-gcp-csharp", "serverless-gcp-csharp", "{77B13EDC-C351-D81F-ACE4-C5AD163F6C8F}"
EndProject
Project("{FAE04EC0-301F-11D3-BF4B-00C04F79EFBC}") = "${PROJECT}", "codexdominion-schemas\templates\serverless-gcp-csharp\${PROJECT}.csproj", "{34BB61B1-EBBE-F85D-D8C0-D907D0D84D8A}"
EndProject
Project("{2150E333-8FDC-42A3-9474-1A3956D46DE8}") = "static-website-aws-csharp", "static-website-aws-csharp", "{B84C3C99-52AE-B4DD-DC9C-3B4A96A1B88B}"
EndProject
Project("{FAE04EC0-301F-11D3-BF4B-00C04F79EFBC}") = "${PROJECT}", "codexdominion-schemas\templates\static-website-aws-csharp\${PROJECT}.csproj", "{2D87C97B-4713-E101-8080-76CE6DA2D64F}"
EndProject
Project("{2150E333-8FDC-42A3-9474-1A3956D46DE8}") = "static-website-azure-csharp", "static-website-azure-csharp", "{C06BF970-EB28-FCB4-B8AA-96D0F4FA326F}"
EndProject
Project("{FAE04EC0-301F-11D3-BF4B-00C04F79EFBC}") = "${PROJECT}", "codexdominion-schemas\templates\static-website-azure-csharp\${PROJECT}.csproj", "{E0C4D13B-FBF5-023D-ECD8-030A6726ACA2}"
EndProject
Project("{2150E333-8FDC-42A3-9474-1A3956D46DE8}") = "static-website-gcp-csharp", "static-website-gcp-csharp", "{2B74BA7B-2314-946B-ED36-B7380A588106}"
EndProject
Project("{FAE04EC0-301F-11D3-BF4B-00C04F79EFBC}") = "${PROJECT}", "codexdominion-schemas\templates\static-website-gcp-csharp\${PROJECT}.csproj", "{5D9969B9-76DF-EA71-701A-FDA9CC2F803F}"
EndProject
Project("{2150E333-8FDC-42A3-9474-1A3956D46DE8}") = "vm-aws-csharp", "vm-aws-csharp", "{912F6973-1495-327B-96BF-CB8D53DD0D33}"
EndProject
Project("{FAE04EC0-301F-11D3-BF4B-00C04F79EFBC}") = "${PROJECT}", "codexdominion-schemas\templates\vm-aws-csharp\${PROJECT}.csproj", "{DA7A8F20-8F86-3821-C8AD-52631783BB3C}"
EndProject
Project("{2150E333-8FDC-42A3-9474-1A3956D46DE8}") = "vm-azure-csharp", "vm-azure-csharp", "{D0C98BD3-321F-E264-345D-9C61C29DC05E}"
EndProject
Project("{FAE04EC0-301F-11D3-BF4B-00C04F79EFBC}") = "${PROJECT}", "codexdominion-schemas\templates\vm-azure-csharp\${PROJECT}.csproj", "{ACFCE560-1BB6-9170-4C59-4A5138502ABF}"
EndProject
Project("{2150E333-8FDC-42A3-9474-1A3956D46DE8}") = "vm-gcp-csharp", "vm-gcp-csharp", "{C4726F13-3D29-2412-BDF1-4686D1272DA2}"
EndProject
Project("{FAE04EC0-301F-11D3-BF4B-00C04F79EFBC}") = "${PROJECT}", "codexdominion-schemas\templates\vm-gcp-csharp\${PROJECT}.csproj", "{072D4B66-275A-9D53-A604-3561545BECAE}"
EndProject
Project("{2150E333-8FDC-42A3-9474-1A3956D46DE8}") = "webapp-kubernetes-csharp", "webapp-kubernetes-csharp", "{7B8BD39E-8E66-A4EF-8565-4F18349C650E}"
EndProject
Project("{FAE04EC0-301F-11D3-BF4B-00C04F79EFBC}") = "${PROJECT}", "codexdominion-schemas\templates\webapp-kubernetes-csharp\${PROJECT}.csproj", "{D1A33B37-8992-5206-FC04-BE0D09B069C5}"
EndProject
Project("{FAE04EC0-301F-11D3-BF4B-00C04F79EFBC}") = "App", "codexdominion-schemas\templates\container-azure-csharp\app\App.csproj", "{7542C2DC-3387-4C88-2121-9CFAC08F90B8}"
EndProject
Project("{FAE04EC0-301F-11D3-BF4B-00C04F79EFBC}") = "App", "codexdominion-schemas\templates\container-gcp-csharp\app\App.csproj", "{BB03C7C8-0973-8406-7AFE-9AE985767CD4}"
EndProject
Project("{FAE04EC0-301F-11D3-BF4B-00C04F79EFBC}") = "App", "codexdominion-schemas\templates\serverless-azure-csharp\app\App.csproj", "{6378E122-9967-FF11-7E4E-392FBAD21F3E}"
EndProject
Project("{FAE04EC0-301F-11D3-BF4B-00C04F79EFBC}") = "App", "codexdominion-schemas\templates\serverless-gcp-csharp\app\App.csproj", "{E64A0709-149C-843D-5D09-26ACBBD8F107}"
EndProject
Global
	GlobalSection(SolutionConfigurationPlatforms) = preSolution
		Debug|Any CPU = Debug|Any CPU
		Release|Any CPU = Release|Any CPU
	EndGlobalSection
	GlobalSection(ProjectConfigurationPlatforms) = postSolution
		{E0125D90-ADDB-C41A-B7FE-AEAF9EC0FD05}.Debug|Any CPU.ActiveCfg = Debug|Any CPU
		{E0125D90-ADDB-C41A-B7FE-AEAF9EC0FD05}.Debug|Any CPU.Build.0 = Debug|Any CPU
		{E0125D90-ADDB-C41A-B7FE-AEAF9EC0FD05}.Release|Any CPU.ActiveCfg = Release|Any CPU
		{E0125D90-ADDB-C41A-B7FE-AEAF9EC0FD05}.Release|Any CPU.Build.0 = Release|Any CPU
		{D4FD7002-E03E-8C45-6940-007D7682CF0F}.Debug|Any CPU.ActiveCfg = Debug|Any CPU
		{D4FD7002-E03E-8C45-6940-007D7682CF0F}.Debug|Any CPU.Build.0 = Debug|Any CPU
		{D4FD7002-E03E-8C45-6940-007D7682CF0F}.Release|Any CPU.ActiveCfg = Release|Any CPU
		{D4FD7002-E03E-8C45-6940-007D7682CF0F}.Release|Any CPU.Build.0 = Release|Any CPU
		{8E547E9A-4CE8-6203-8792-D5024E2155C0}.Debug|Any CPU.ActiveCfg = Debug|Any CPU
		{8E547E9A-4CE8-6203-8792-D5024E2155C0}.Debug|Any CPU.Build.0 = Debug|Any CPU
		{8E547E9A-4CE8-6203-8792-D5024E2155C0}.Release|Any CPU.ActiveCfg = Release|Any CPU
		{8E547E9A-4CE8-6203-8792-D5024E2155C0}.Release|Any CPU.Build.0 = Release|Any CPU
		{4E91003D-8500-06B3-4A89-FB372F0D1775}.Debug|Any CPU.ActiveCfg = Debug|Any CPU
		{4E91003D-8500-06B3-4A89-FB372F0D1775}.Debug|Any CPU.Build.0 = Debug|Any CPU
		{4E91003D-8500-06B3-4A89-FB372F0D1775}.Release|Any CPU.ActiveCfg = Release|Any CPU
		{4E91003D-8500-06B3-4A89-FB372F0D1775}.Release|Any CPU.Build.0 = Release|Any CPU
		{14B7EF65-8DBA-5245-51B6-ABE0E257010D}.Debug|Any CPU.ActiveCfg = Debug|Any CPU
		{14B7EF65-8DBA-5245-51B6-ABE0E257010D}.Debug|Any CPU.Build.0 = Debug|Any CPU
		{14B7EF65-8DBA-5245-51B6-ABE0E257010D}.Release|Any CPU.ActiveCfg = Release|Any CPU
		{14B7EF65-8DBA-5245-51B6-ABE0E257010D}.Release|Any CPU.Build.0 = Release|Any CPU
		{0A1A1494-D9A7-84A6-0F31-9E35B54A60CD}.Debug|Any CPU.ActiveCfg = Debug|Any CPU
		{0A1A1494-D9A7-84A6-0F31-9E35B54A60CD}.Debug|Any CPU.Build.0 = Debug|Any CPU
		{0A1A1494-D9A7-84A6-0F31-9E35B54A60CD}.Release|Any CPU.ActiveCfg = Release|Any CPU
		{0A1A1494-D9A7-84A6-0F31-9E35B54A60CD}.Release|Any CPU.Build.0 = Release|Any CPU
		{7BC4A4CB-E535-43CB-4DAD-AFF7F9E8389E}.Debug|Any CPU.ActiveCfg = Debug|Any CPU
		{7BC4A4CB-E535-43CB-4DAD-AFF7F9E8389E}.Debug|Any CPU.Build.0 = Debug|Any CPU
		{7BC4A4CB-E535-43CB-4DAD-AFF7F9E8389E}.Release|Any CPU.ActiveCfg = Release|Any CPU
		{7BC4A4CB-E535-43CB-4DAD-AFF7F9E8389E}.Release|Any CPU.Build.0 = Release|Any CPU
		{35AA2C38-2116-3F43-5C28-D7568E0D3D61}.Debug|Any CPU.ActiveCfg = Debug|Any CPU
		{35AA2C38-2116-3F43-5C28-D7568E0D3D61}.Debug|Any CPU.Build.0 = Debug|Any CPU
		{35AA2C38-2116-3F43-5C28-D7568E0D3D61}.Release|Any CPU.ActiveCfg = Release|Any CPU
		{35AA2C38-2116-3F43-5C28-D7568E0D3D61}.Release|Any CPU.Build.0 = Release|Any CPU
		{78CA5F9F-E015-435A-54F8-AA5000E6C5DE}.Debug|Any CPU.ActiveCfg = Debug|Any CPU
		{78CA5F9F-E015-435A-54F8-AA5000E6C5DE}.Debug|Any CPU.Build.0 = Debug|Any CPU
		{78CA5F9F-E015-435A-54F8-AA5000E6C5DE}.Release|Any CPU.ActiveCfg = Release|Any CPU
		{78CA5F9F-E015-435A-54F8-AA5000E6C5DE}.Release|Any CPU.Build.0 = Release|Any CPU
		{D87CC76D-A8FE-B88B-E72A-99C7F7947E61}.Debug|Any CPU.ActiveCfg = Debug|Any CPU
		{D87CC76D-A8FE-B88B-E72A-99C7F7947E61}.Debug|Any CPU.Build.0 = Debug|Any CPU
		{D87CC76D-A8FE-B88B-E72A-99C7F7947E61}.Release|Any CPU.ActiveCfg = Release|Any CPU
		{D87CC76D-A8FE-B88B-E72A-99C7F7947E61}.Release|Any CPU.Build.0 = Release|Any CPU
		{8B6B9575-CDB1-B72C-72A0-6D2077B0DEB8}.Debug|Any CPU.ActiveCfg = Debug|Any CPU
		{8B6B9575-CDB1-B72C-72A0-6D2077B0DEB8}.Debug|Any CPU.Build.0 = Debug|Any CPU
		{8B6B9575-CDB1-B72C-72A0-6D2077B0DEB8}.Release|Any CPU.ActiveCfg = Release|Any CPU
		{8B6B9575-CDB1-B72C-72A0-6D2077B0DEB8}.Release|Any CPU.Build.0 = Release|Any CPU
		{DAA8B02F-53AD-E284-D6CA-6D64FA57A64D}.Debug|Any CPU.ActiveCfg = Debug|Any CPU
		{DAA8B02F-53AD-E284-D6CA-6D64FA57A64D}.Debug|Any CPU.Build.0 = Debug|Any CPU
		{DAA8B02F-53AD-E284-D6CA-6D64FA57A64D}.Release|Any CPU.ActiveCfg = Release|Any CPU
		{DAA8B02F-53AD-E284-D6CA-6D64FA57A64D}.Release|Any CPU.Build.0 = Release|Any CPU
		{C6EF5606-5427-B2ED-BBA4-CE1715F6206E}.Debug|Any CPU.ActiveCfg = Debug|Any CPU
		{C6EF5606-5427-B2ED-BBA4-CE1715F6206E}.Debug|Any CPU.Build.0 = Debug|Any CPU
		{C6EF5606-5427-B2ED-BBA4-CE1715F6206E}.Release|Any CPU.ActiveCfg = Release|Any CPU
		{C6EF5606-5427-B2ED-BBA4-CE1715F6206E}.Release|Any CPU.Build.0 = Release|Any CPU
		{834CC12E-EE16-3248-245B-4D50ABB48FB0}.Debug|Any CPU.ActiveCfg = Debug|Any CPU
		{834CC12E-EE16-3248-245B-4D50ABB48FB0}.Debug|Any CPU.Build.0 = Debug|Any CPU
		{834CC12E-EE16-3248-245B-4D50ABB48FB0}.Release|Any CPU.ActiveCfg = Release|Any CPU
		{834CC12E-EE16-3248-245B-4D50ABB48FB0}.Release|Any CPU.Build.0 = Release|Any CPU
		{8368CDAF-5C9D-93DF-D3DA-A84C23BFE6BA}.Debug|Any CPU.ActiveCfg = Debug|Any CPU
		{8368CDAF-5C9D-93DF-D3DA-A84C23BFE6BA}.Debug|Any CPU.Build.0 = Debug|Any CPU
		{8368CDAF-5C9D-93DF-D3DA-A84C23BFE6BA}.Release|Any CPU.ActiveCfg = Release|Any CPU
		{8368CDAF-5C9D-93DF-D3DA-A84C23BFE6BA}.Release|Any CPU.Build.0 = Release|Any CPU
		{711C01B2-4001-8AE1-2EE2-964C403B847B}.Debug|Any CPU.ActiveCfg = Debug|Any CPU
		{711C01B2-4001-8AE1-2EE2-964C403B847B}.Debug|Any CPU.Build.0 = Debug|Any CPU
		{711C01B2-4001-8AE1-2EE2-964C403B847B}.Release|Any CPU.ActiveCfg = Release|Any CPU
		{711C01B2-4001-8AE1-2EE2-964C403B847B}.Release|Any CPU.Build.0 = Release|Any CPU
		{7B4A0CE4-6EC4-0AF1-6B4D-1E107032E516}.Debug|Any CPU.ActiveCfg = Debug|Any CPU
		{7B4A0CE4-6EC4-0AF1-6B4D-1E107032E516}.Debug|Any CPU.Build.0 = Debug|Any CPU
		{7B4A0CE4-6EC4-0AF1-6B4D-1E107032E516}.Release|Any CPU.ActiveCfg = Release|Any CPU
		{7B4A0CE4-6EC4-0AF1-6B4D-1E107032E516}.Release|Any CPU.Build.0 = Release|Any CPU
		{F2A91AA3-E8AF-4D39-A190-4F36B8D015A0}.Debug|Any CPU.ActiveCfg = Debug|Any CPU
		{F2A91AA3-E8AF-4D39-A190-4F36B8D015A0}.Debug|Any CPU.Build.0 = Debug|Any CPU
		{F2A91AA3-E8AF-4D39-A190-4F36B8D015A0}.Release|Any CPU.ActiveCfg = Release|Any CPU
		{F2A91AA3-E8AF-4D39-A190-4F36B8D015A0}.Release|Any CPU.Build.0 = Release|Any CPU
		{7EEFECAE-34DE-9F0A-46B7-17A53A37D084}.Debug|Any CPU.ActiveCfg = Debug|Any CPU
		{7EEFECAE-34DE-9F0A-46B7-17A53A37D084}.Debug|Any CPU.Build.0 = Debug|Any CPU
		{7EEFECAE-34DE-9F0A-46B7-17A53A37D084}.Release|Any CPU.ActiveCfg = Release|Any CPU
		{7EEFECAE-34DE-9F0A-46B7-17A53A37D084}.Release|Any CPU.Build.0 = Release|Any CPU
		{E793DCA7-D640-DC25-9E74-E7E828753E29}.Debug|Any CPU.ActiveCfg = Debug|Any CPU
		{E793DCA7-D640-DC25-9E74-E7E828753E29}.Debug|Any CPU.Build.0 = Debug|Any CPU
		{E793DCA7-D640-DC25-9E74-E7E828753E29}.Release|Any CPU.ActiveCfg = Release|Any CPU
		{E793DCA7-D640-DC25-9E74-E7E828753E29}.Release|Any CPU.Build.0 = Release|Any CPU
		{2DF57BB4-6391-DBEF-E968-3F9631795B93}.Debug|Any CPU.ActiveCfg = Debug|Any CPU
		{2DF57BB4-6391-DBEF-E968-3F9631795B93}.Debug|Any CPU.Build.0 = Debug|Any CPU
		{2DF57BB4-6391-DBEF-E968-3F9631795B93}.Release|Any CPU.ActiveCfg = Release|Any CPU
		{2DF57BB4-6391-DBEF-E968-3F9631795B93}.Release|Any CPU.Build.0 = Release|Any CPU
		{36819E0A-55E7-4FA1-A7A6-0FCEED199380}.Debug|Any CPU.ActiveCfg = Debug|Any CPU
		{36819E0A-55E7-4FA1-A7A6-0FCEED199380}.Debug|Any CPU.Build.0 = Debug|Any CPU
		{36819E0A-55E7-4FA1-A7A6-0FCEED199380}.Release|Any CPU.ActiveCfg = Release|Any CPU
		{36819E0A-55E7-4FA1-A7A6-0FCEED199380}.Release|Any CPU.Build.0 = Release|Any CPU
		{B19B59C3-AB85-216C-58D6-8E378478A385}.Debug|Any CPU.ActiveCfg = Debug|Any CPU
		{B19B59C3-AB85-216C-58D6-8E378478A385}.Debug|Any CPU.Build.0 = Debug|Any CPU
		{B19B59C3-AB85-216C-58D6-8E378478A385}.Release|Any CPU.ActiveCfg = Release|Any CPU
		{B19B59C3-AB85-216C-58D6-8E378478A385}.Release|Any CPU.Build.0 = Release|Any CPU
		{34BB61B1-EBBE-F85D-D8C0-D907D0D84D8A}.Debug|Any CPU.ActiveCfg = Debug|Any CPU
		{34BB61B1-EBBE-F85D-D8C0-D907D0D84D8A}.Debug|Any CPU.Build.0 = Debug|Any CPU
		{34BB61B1-EBBE-F85D-D8C0-D907D0D84D8A}.Release|Any CPU.ActiveCfg = Release|Any CPU
		{34BB61B1-EBBE-F85D-D8C0-D907D0D84D8A}.Release|Any CPU.Build.0 = Release|Any CPU
		{2D87C97B-4713-E101-8080-76CE6DA2D64F}.Debug|Any CPU.ActiveCfg = Debug|Any CPU
		{2D87C97B-4713-E101-8080-76CE6DA2D64F}.Debug|Any CPU.Build.0 = Debug|Any CPU
		{2D87C97B-4713-E101-8080-76CE6DA2D64F}.Release|Any CPU.ActiveCfg = Release|Any CPU
		{2D87C97B-4713-E101-8080-76CE6DA2D64F}.Release|Any CPU.Build.0 = Release|Any CPU
		{E0C4D13B-FBF5-023D-ECD8-030A6726ACA2}.Debug|Any CPU.ActiveCfg = Debug|Any CPU
		{E0C4D13B-FBF5-023D-ECD8-030A6726ACA2}.Debug|Any CPU.Build.0 = Debug|Any CPU
		{E0C4D13B-FBF5-023D-ECD8-030A6726ACA2}.Release|Any CPU.ActiveCfg = Release|Any CPU
		{E0C4D13B-FBF5-023D-ECD8-030A6726ACA2}.Release|Any CPU.Build.0 = Release|Any CPU
		{5D9969B9-76DF-EA71-701A-FDA9CC2F803F}.Debug|Any CPU.ActiveCfg = Debug|Any CPU
		{5D9969B9-76DF-EA71-701A-FDA9CC2F803F}.Debug|Any CPU.Build.0 = Debug|Any CPU
		{5D9969B9-76DF-EA71-701A-FDA9CC2F803F}.Release|Any CPU.ActiveCfg = Release|Any CPU
		{5D9969B9-76DF-EA71-701A-FDA9CC2F803F}.Release|Any CPU.Build.0 = Release|Any CPU
		{DA7A8F20-8F86-3821-C8AD-52631783BB3C}.Debug|Any CPU.ActiveCfg = Debug|Any CPU
		{DA7A8F20-8F86-3821-C8AD-52631783BB3C}.Debug|Any CPU.Build.0 = Debug|Any CPU
		{DA7A8F20-8F86-3821-C8AD-52631783BB3C}.Release|Any CPU.ActiveCfg = Release|Any CPU
		{DA7A8F20-8F86-3821-C8AD-52631783BB3C}.Release|Any CPU.Build.0 = Release|Any CPU
		{ACFCE560-1BB6-9170-4C59-4A5138502ABF}.Debug|Any CPU.ActiveCfg = Debug|Any CPU
		{ACFCE560-1BB6-9170-4C59-4A5138502ABF}.Debug|Any CPU.Build.0 = Debug|Any CPU
		{ACFCE560-1BB6-9170-4C59-4A5138502ABF}.Release|Any CPU.ActiveCfg = Release|Any CPU
		{ACFCE560-1BB6-9170-4C59-4A5138502ABF}.Release|Any CPU.Build.0 = Release|Any CPU
		{072D4B66-275A-9D53-A604-3561545BECAE}.Debug|Any CPU.ActiveCfg = Debug|Any CPU
		{072D4B66-275A-9D53-A604-3561545BECAE}.Debug|Any CPU.Build.0 = Debug|Any CPU
		{072D4B66-275A-9D53-A604-3561545BECAE}.Release|Any CPU.ActiveCfg = Release|Any CPU
		{072D4B66-275A-9D53-A604-3561545BECAE}.Release|Any CPU.Build.0 = Release|Any CPU
		{D1A33B37-8992-5206-FC04-BE0D09B069C5}.Debug|Any CPU.ActiveCfg = Debug|Any CPU
		{D1A33B37-8992-5206-FC04-BE0D09B069C5}.Debug|Any CPU.Build.0 = Debug|Any CPU
		{D1A33B37-8992-5206-FC04-BE0D09B069C5}.Release|Any CPU.ActiveCfg = Release|Any CPU
		{D1A33B37-8992-5206-FC04-BE0D09B069C5}.Release|Any CPU.Build.0 = Release|Any CPU
		{7542C2DC-3387-4C88-2121-9CFAC08F90B8}.Debug|Any CPU.ActiveCfg = Debug|Any CPU
		{7542C2DC-3387-4C88-2121-9CFAC08F90B8}.Debug|Any CPU.Build.0 = Debug|Any CPU
		{7542C2DC-3387-4C88-2121-9CFAC08F90B8}.Release|Any CPU.ActiveCfg = Release|Any CPU
		{7542C2DC-3387-4C88-2121-9CFAC08F90B8}.Release|Any CPU.Build.0 = Release|Any CPU
		{BB03C7C8-0973-8406-7AFE-9AE985767CD4}.Debug|Any CPU.ActiveCfg = Debug|Any CPU
		{BB03C7C8-0973-8406-7AFE-9AE985767CD4}.Debug|Any CPU.Build.0 = Debug|Any CPU
		{BB03C7C8-0973-8406-7AFE-9AE985767CD4}.Release|Any CPU.ActiveCfg = Release|Any CPU
		{BB03C7C8-0973-8406-7AFE-9AE985767CD4}.Release|Any CPU.Build.0 = Release|Any CPU
		{6378E122-9967-FF11-7E4E-392FBAD21F3E}.Debug|Any CPU.ActiveCfg = Debug|Any CPU
		{6378E122-9967-FF11-7E4E-392FBAD21F3E}.Debug|Any CPU.Build.0 = Debug|Any CPU
		{6378E122-9967-FF11-7E4E-392FBAD21F3E}.Release|Any CPU.ActiveCfg = Release|Any CPU
		{6378E122-9967-FF11-7E4E-392FBAD21F3E}.Release|Any CPU.Build.0 = Release|Any CPU
		{E64A0709-149C-843D-5D09-26ACBBD8F107}.Debug|Any CPU.ActiveCfg = Debug|Any CPU
		{E64A0709-149C-843D-5D09-26ACBBD8F107}.Debug|Any CPU.Build.0 = Debug|Any CPU
		{E64A0709-149C-843D-5D09-26ACBBD8F107}.Release|Any CPU.ActiveCfg = Release|Any CPU
		{E64A0709-149C-843D-5D09-26ACBBD8F107}.Release|Any CPU.Build.0 = Release|Any CPU
	EndGlobalSection
	GlobalSection(SolutionProperties) = preSolution
		HideSolutionNode = FALSE
	EndGlobalSection
	GlobalSection(NestedProjects) = preSolution
		{BA42DEF6-6437-E614-AB84-275B87089BF1} = {326E6B92-46A6-D583-C3E9-EC5184B8A6AB}
		{616C0FE8-3E0D-E740-2A09-7B09D793798A} = {BA42DEF6-6437-E614-AB84-275B87089BF1}
		{E0125D90-ADDB-C41A-B7FE-AEAF9EC0FD05} = {616C0FE8-3E0D-E740-2A09-7B09D793798A}
		{E873E229-213C-D7E4-7551-86AB47AB9DF2} = {BA42DEF6-6437-E614-AB84-275B87089BF1}
		{D4FD7002-E03E-8C45-6940-007D7682CF0F} = {E873E229-213C-D7E4-7551-86AB47AB9DF2}
		{5B689BFD-A9A8-A00D-5686-F093B8011554} = {BA42DEF6-6437-E614-AB84-275B87089BF1}
		{8E547E9A-4CE8-6203-8792-D5024E2155C0} = {5B689BFD-A9A8-A00D-5686-F093B8011554}
		{6C7B854C-61B3-0240-1474-B30247930667} = {BA42DEF6-6437-E614-AB84-275B87089BF1}
		{4E91003D-8500-06B3-4A89-FB372F0D1775} = {6C7B854C-61B3-0240-1474-B30247930667}
		{514D8CF6-8C03-C734-DB15-B1A15FE2A275} = {BA42DEF6-6437-E614-AB84-275B87089BF1}
		{14B7EF65-8DBA-5245-51B6-ABE0E257010D} = {514D8CF6-8C03-C734-DB15-B1A15FE2A275}
		{C474A3A4-4C83-388D-EBA9-1128A73408FE} = {BA42DEF6-6437-E614-AB84-275B87089BF1}
		{0A1A1494-D9A7-84A6-0F31-9E35B54A60CD} = {C474A3A4-4C83-388D-EBA9-1128A73408FE}
		{5CFC6A6C-21CE-5510-36F1-82F822A5BD16} = {BA42DEF6-6437-E614-AB84-275B87089BF1}
		{7BC4A4CB-E535-43CB-4DAD-AFF7F9E8389E} = {5CFC6A6C-21CE-5510-36F1-82F822A5BD16}
		{E607C671-C2CA-7EA3-BA30-F6E2967D5615} = {BA42DEF6-6437-E614-AB84-275B87089BF1}
		{35AA2C38-2116-3F43-5C28-D7568E0D3D61} = {E607C671-C2CA-7EA3-BA30-F6E2967D5615}
		{32F90638-96B0-FB3B-ADEB-8FDF192807EA} = {BA42DEF6-6437-E614-AB84-275B87089BF1}
		{78CA5F9F-E015-435A-54F8-AA5000E6C5DE} = {32F90638-96B0-FB3B-ADEB-8FDF192807EA}
		{512DF26F-6C1D-B15F-2615-F4BAC39A31B9} = {BA42DEF6-6437-E614-AB84-275B87089BF1}
		{D87CC76D-A8FE-B88B-E72A-99C7F7947E61} = {512DF26F-6C1D-B15F-2615-F4BAC39A31B9}
		{F60FC17E-B561-A404-8E16-80D976213B35} = {BA42DEF6-6437-E614-AB84-275B87089BF1}
		{8B6B9575-CDB1-B72C-72A0-6D2077B0DEB8} = {F60FC17E-B561-A404-8E16-80D976213B35}
		{106A471C-AAF0-FDEA-4DDA-119C022C11F0} = {BA42DEF6-6437-E614-AB84-275B87089BF1}
		{DAA8B02F-53AD-E284-D6CA-6D64FA57A64D} = {106A471C-AAF0-FDEA-4DDA-119C022C11F0}
		{3F398138-DFAF-F284-A359-604029D1A071} = {BA42DEF6-6437-E614-AB84-275B87089BF1}
		{C6EF5606-5427-B2ED-BBA4-CE1715F6206E} = {3F398138-DFAF-F284-A359-604029D1A071}
		{E1FEF687-3E18-D85F-E8D5-B5C5080C65C3} = {BA42DEF6-6437-E614-AB84-275B87089BF1}
		{834CC12E-EE16-3248-245B-4D50ABB48FB0} = {E1FEF687-3E18-D85F-E8D5-B5C5080C65C3}
		{4CF41EE4-CAC7-E242-A43E-187D4E8B3A09} = {BA42DEF6-6437-E614-AB84-275B87089BF1}
		{8368CDAF-5C9D-93DF-D3DA-A84C23BFE6BA} = {4CF41EE4-CAC7-E242-A43E-187D4E8B3A09}
		{7F95D7F3-BB7E-E6C1-6634-DBDC62263330} = {BA42DEF6-6437-E614-AB84-275B87089BF1}
		{711C01B2-4001-8AE1-2EE2-964C403B847B} = {7F95D7F3-BB7E-E6C1-6634-DBDC62263330}
		{2C693D8B-0FFA-4FE3-D426-9ECE29013F21} = {BA42DEF6-6437-E614-AB84-275B87089BF1}
		{7B4A0CE4-6EC4-0AF1-6B4D-1E107032E516} = {2C693D8B-0FFA-4FE3-D426-9ECE29013F21}
		{52C36CB3-9DA1-E8C4-D2FC-6DCBA58454B9} = {BA42DEF6-6437-E614-AB84-275B87089BF1}
		{F2A91AA3-E8AF-4D39-A190-4F36B8D015A0} = {52C36CB3-9DA1-E8C4-D2FC-6DCBA58454B9}
		{29CACCD9-2640-D2BF-8492-8460C9D349D1} = {BA42DEF6-6437-E614-AB84-275B87089BF1}
		{7EEFECAE-34DE-9F0A-46B7-17A53A37D084} = {29CACCD9-2640-D2BF-8492-8460C9D349D1}
		{5EE36ECD-C460-E4D5-A299-F5DBC71FE02C} = {BA42DEF6-6437-E614-AB84-275B87089BF1}
		{E793DCA7-D640-DC25-9E74-E7E828753E29} = {5EE36ECD-C460-E4D5-A299-F5DBC71FE02C}
		{400D0542-7964-B962-6194-2317E4274C1B} = {BA42DEF6-6437-E614-AB84-275B87089BF1}
		{2DF57BB4-6391-DBEF-E968-3F9631795B93} = {400D0542-7964-B962-6194-2317E4274C1B}
		{12C131EB-2456-DBBC-6A40-9ADF989094B4} = {BA42DEF6-6437-E614-AB84-275B87089BF1}
		{36819E0A-55E7-4FA1-A7A6-0FCEED199380} = {12C131EB-2456-DBBC-6A40-9ADF989094B4}
		{FD977CE8-F2BA-F299-C292-C47623DC39E6} = {BA42DEF6-6437-E614-AB84-275B87089BF1}
		{B19B59C3-AB85-216C-58D6-8E378478A385} = {FD977CE8-F2BA-F299-C292-C47623DC39E6}
		{77B13EDC-C351-D81F-ACE4-C5AD163F6C8F} = {BA42DEF6-6437-E614-AB84-275B87089BF1}
		{34BB61B1-EBBE-F85D-D8C0-D907D0D84D8A} = {77B13EDC-C351-D81F-ACE4-C5AD163F6C8F}
		{B84C3C99-52AE-B4DD-DC9C-3B4A96A1B88B} = {BA42DEF6-6437-E614-AB84-275B87089BF1}
		{2D87C97B-4713-E101-8080-76CE6DA2D64F} = {B84C3C99-52AE-B4DD-DC9C-3B4A96A1B88B}
		{C06BF970-EB28-FCB4-B8AA-96D0F4FA326F} = {BA42DEF6-6437-E614-AB84-275B87089BF1}
		{E0C4D13B-FBF5-023D-ECD8-030A6726ACA2} = {C06BF970-EB28-FCB4-B8AA-96D0F4FA326F}
		{2B74BA7B-2314-946B-ED36-B7380A588106} = {BA42DEF6-6437-E614-AB84-275B87089BF1}
		{5D9969B9-76DF-EA71-701A-FDA9CC2F803F} = {2B74BA7B-2314-946B-ED36-B7380A588106}
		{912F6973-1495-327B-96BF-CB8D53DD0D33} = {BA42DEF6-6437-E614-AB84-275B87089BF1}
		{DA7A8F20-8F86-3821-C8AD-52631783BB3C} = {912F6973-1495-327B-96BF-CB8D53DD0D33}
		{D0C98BD3-321F-E264-345D-9C61C29DC05E} = {BA42DEF6-6437-E614-AB84-275B87089BF1}
		{ACFCE560-1BB6-9170-4C59-4A5138502ABF} = {D0C98BD3-321F-E264-345D-9C61C29DC05E}
		{C4726F13-3D29-2412-BDF1-4686D1272DA2} = {BA42DEF6-6437-E614-AB84-275B87089BF1}
		{072D4B66-275A-9D53-A604-3561545BECAE} = {C4726F13-3D29-2412-BDF1-4686D1272DA2}
		{7B8BD39E-8E66-A4EF-8565-4F18349C650E} = {BA42DEF6-6437-E614-AB84-275B87089BF1}
		{D1A33B37-8992-5206-FC04-BE0D09B069C5} = {7B8BD39E-8E66-A4EF-8565-4F18349C650E}
		{7542C2DC-3387-4C88-2121-9CFAC08F90B8} = {5CFC6A6C-21CE-5510-36F1-82F822A5BD16}
		{BB03C7C8-0973-8406-7AFE-9AE985767CD4} = {E607C671-C2CA-7EA3-BA30-F6E2967D5615}
		{6378E122-9967-FF11-7E4E-392FBAD21F3E} = {FD977CE8-F2BA-F299-C292-C47623DC39E6}
		{E64A0709-149C-843D-5D09-26ACBBD8F107} = {77B13EDC-C351-D81F-ACE4-C5AD163F6C8F}
	EndGlobalSection
	GlobalSection(ExtensibilityGlobals) = postSolution
		SolutionGuid = {0A1F65F1-7DD2-46FE-BECF-D50E38AEEB81}
	EndGlobalSection
EndGlobal
