{
  "version": 4,
  "terraform_version": "1.6.2",
  "serial": 45,
  "lineage": "d9d1dd45-0594-f908-7d98-bb429dcf9771",
  "outputs": {
    "cloud_sql_connection_name": {
      "value": "codex-dominion-prod:us-central1:codex-ledger",
      "type": "string"
    },
    "cloud_sql_db_name": {
      "value": "codex",
      "type": "string"
    },
    "cloud_storage_bucket": {
      "value": "gs://codex-artifacts-codex-dominion-prod",
      "type": "string"
    },
    "dawn_dispatch_job": {
      "value": "dawn-dispatch",
      "type": "string"
    },
    "signals_service_url": {
      "value": "https://codex-signals-pbiapu66bq-uc.a.run.app",
      "type": "string"
    }
  },
  "resources": [
    {
      "mode": "managed",
      "type": "google_cloud_run_service",
      "name": "signals",
      "provider": "provider[\"registry.terraform.io/hashicorp/google\"]",
      "instances": [
        {
          "schema_version": 2,
          "attributes": {
            "autogenerate_revision_name": false,
            "id": "locations/us-central1/namespaces/codex-dominion-prod/services/codex-signals",
            "location": "us-central1",
            "metadata": [
              {
                "annotations": {},
                "effective_annotations": {
                  "run.googleapis.com/client-name": "gcloud",
                  "run.googleapis.com/client-version": "541.0.0",
                  "run.googleapis.com/ingress": "all",
                  "run.googleapis.com/ingress-status": "all",
                  "run.googleapis.com/operation-id": "1f90a9d3-beb7-41ef-91be-61f7039e8262",
                  "run.googleapis.com/urls": "[\"https://codex-signals-718436124481.us-central1.run.app\",\"https://codex-signals-pbiapu66bq-uc.a.run.app\"]",
                  "serving.knative.dev/creator": "JermaineMerritt@legacytactichq.com",
                  "serving.knative.dev/lastModifier": "JermaineMerritt@legacytactichq.com"
                },
                "effective_labels": {
                  "cloud.googleapis.com/location": "us-central1"
                },
                "generation": 3,
                "labels": {},
                "namespace": "codex-dominion-prod",
                "resource_version": "AAZEHKWuBzQ",
                "self_link": "/apis/serving.knative.dev/v1/namespaces/718436124481/services/codex-signals",
                "terraform_labels": {},
                "uid": "7dbc7ed4-ff71-4560-88f7-cfa6f69a2483"
              }
            ],
            "name": "codex-signals",
            "project": "codex-dominion-prod",
            "status": [
              {
                "conditions": [
                  {
                    "message": "",
                    "reason": "",
                    "status": "True",
                    "type": "Ready"
                  },
                  {
                    "message": "",
                    "reason": "",
                    "status": "True",
                    "type": "ConfigurationsReady"
                  },
                  {
                    "message": "",
                    "reason": "",
                    "status": "True",
                    "type": "RoutesReady"
                  }
                ],
                "latest_created_revision_name": "codex-signals-00003-jjn",
                "latest_ready_revision_name": "codex-signals-00003-jjn",
                "observed_generation": 3,
                "traffic": [
                  {
                    "latest_revision": true,
                    "percent": 100,
                    "revision_name": "codex-signals-00003-jjn",
                    "tag": "",
                    "url": ""
                  }
                ],
                "url": "https://codex-signals-pbiapu66bq-uc.a.run.app"
              }
            ],
            "template": [
              {
                "metadata": [
                  {
                    "annotations": {
                      "autoscaling.knative.dev/maxScale": "3",
                      "run.googleapis.com/client-name": "gcloud",
                      "run.googleapis.com/client-version": "541.0.0"
                    },
                    "generation": 0,
                    "labels": {
                      "client.knative.dev/nonce": "dzcfdxdpzg",
                      "run.googleapis.com/startupProbeType": "Default"
                    },
                    "name": "",
                    "namespace": "",
                    "resource_version": "",
                    "self_link": "",
                    "uid": ""
                  }
                ],
                "spec": [
                  {
                    "container_concurrency": 80,
                    "containers": [
                      {
                        "args": [],
                        "command": [],
                        "env": [],
                        "env_from": [],
                        "image": "gcr.io/codex-dominion-prod/codex-signals:latest",
                        "liveness_probe": [],
                        "name": "",
                        "ports": [
                          {
                            "container_port": 8080,
                            "name": "http1",
                            "protocol": ""
                          }
                        ],
                        "readiness_probe": [],
                        "resources": [
                          {
                            "limits": {
                              "cpu": "1",
                              "memory": "512Mi"
                            },
                            "requests": {}
                          }
                        ],
                        "startup_probe": [
                          {
                            "failure_threshold": 1,
                            "grpc": [],
                            "http_get": [],
                            "initial_delay_seconds": 0,
                            "period_seconds": 240,
                            "tcp_socket": [
                              {
                                "port": 8080
                              }
                            ],
                            "timeout_seconds": 240
                          }
                        ],
                        "volume_mounts": [],
                        "working_dir": ""
                      }
                    ],
                    "node_selector": {},
                    "service_account_name": "718436124481-compute@developer.gserviceaccount.com",
                    "serving_state": "",
                    "timeout_seconds": 300,
                    "volumes": []
                  }
                ]
              }
            ],
            "timeouts": null,
            "traffic": [
              {
                "latest_revision": true,
                "percent": 100,
                "revision_name": "",
                "tag": "",
                "url": ""
              }
            ]
          },
          "sensitive_attributes": [],
          "private": "eyJlMmJmYjczMC1lY2FhLTExZTYtOGY4OC0zNDM2M2JjN2M0YzAiOnsiY3JlYXRlIjoxMjAwMDAwMDAwMDAwLCJkZWxldGUiOjEyMDAwMDAwMDAwMDAsInVwZGF0ZSI6MTIwMDAwMDAwMDAwMH0sInNjaGVtYV92ZXJzaW9uIjoiMiJ9"
        }
      ]
    },
    {
      "mode": "managed",
      "type": "google_cloud_scheduler_job",
      "name": "dawn_dispatch",
      "provider": "provider[\"registry.terraform.io/hashicorp/google\"]",
      "instances": [
        {
          "schema_version": 0,
          "attributes": {
            "app_engine_http_target": [],
            "attempt_deadline": "180s",
            "description": "Daily proclamation capsule",
            "http_target": [
              {
                "body": "eyJjYXBzdWxlIjoiZGF3bi1kaXNwYXRjaCJ9",
                "headers": {
                  "Content-Type": "application/json"
                },
                "http_method": "POST",
                "oauth_token": [],
                "oidc_token": [],
                "uri": "https://codex-signals-pbiapu66bq-uc.a.run.app/"
              }
            ],
            "id": "projects/codex-dominion-prod/locations/us-central1/jobs/dawn-dispatch",
            "name": "dawn-dispatch",
            "paused": false,
            "project": "codex-dominion-prod",
            "pubsub_target": [],
            "region": "us-central1",
            "retry_config": [],
            "schedule": "0 6 * * *",
            "state": "ENABLED",
            "time_zone": "America/New_York",
            "timeouts": null
          },
          "sensitive_attributes": [],
          "private": "eyJlMmJmYjczMC1lY2FhLTExZTYtOGY4OC0zNDM2M2JjN2M0YzAiOnsiY3JlYXRlIjoxMjAwMDAwMDAwMDAwLCJkZWxldGUiOjEyMDAwMDAwMDAwMDAsInVwZGF0ZSI6MTIwMDAwMDAwMDAwMH19",
          "dependencies": [
            "google_cloud_run_service.signals"
          ]
        }
      ]
    },
    {
      "mode": "managed",
      "type": "google_secret_manager_secret",
      "name": "db_pass",
      "provider": "provider[\"registry.terraform.io/hashicorp/google\"]",
      "instances": [
        {
          "schema_version": 0,
          "attributes": {
            "annotations": {},
            "create_time": "2025-11-08T21:21:33.538325Z",
            "deletion_protection": false,
            "effective_annotations": {},
            "effective_labels": {
              "goog-terraform-provisioned": "true"
            },
            "expire_time": "",
            "id": "projects/codex-dominion-prod/secrets/codex-db-pass",
            "labels": {},
            "name": "projects/718436124481/secrets/codex-db-pass",
            "project": "codex-dominion-prod",
            "replication": [
              {
                "auto": [
                  {
                    "customer_managed_encryption": []
                  }
                ],
                "user_managed": []
              }
            ],
            "rotation": [],
            "secret_id": "codex-db-pass",
            "tags": null,
            "terraform_labels": {
              "goog-terraform-provisioned": "true"
            },
            "timeouts": null,
            "topics": [],
            "ttl": null,
            "version_aliases": {},
            "version_destroy_ttl": ""
          },
          "sensitive_attributes": [],
          "private": "eyJlMmJmYjczMC1lY2FhLTExZTYtOGY4OC0zNDM2M2JjN2M0YzAiOnsiY3JlYXRlIjoxMjAwMDAwMDAwMDAwLCJkZWxldGUiOjEyMDAwMDAwMDAwMDAsInVwZGF0ZSI6MTIwMDAwMDAwMDAwMH19"
        }
      ]
    },
    {
      "mode": "managed",
      "type": "google_secret_manager_secret_version",
      "name": "db_pass_version",
      "provider": "provider[\"registry.terraform.io/hashicorp/google\"]",
      "instances": [
        {
          "schema_version": 0,
          "attributes": {
            "create_time": "2025-11-08T21:21:34.706379Z",
            "deletion_policy": "DELETE",
            "destroy_time": "",
            "enabled": true,
            "id": "projects/718436124481/secrets/codex-db-pass/versions/1",
            "is_secret_data_base64": false,
            "name": "projects/718436124481/secrets/codex-db-pass/versions/1",
            "project": null,
            "secret": "projects/codex-dominion-prod/secrets/codex-db-pass",
            "secret_data": "codex_pass",
            "secret_data_wo": null,
            "secret_data_wo_version": 0,
            "timeouts": null,
            "version": "1"
          },
          "sensitive_attributes": [
            [
              {
                "type": "get_attr",
                "value": "secret_data"
              }
            ]
          ],
          "private": "eyJlMmJmYjczMC1lY2FhLTExZTYtOGY4OC0zNDM2M2JjN2M0YzAiOnsiY3JlYXRlIjoxMjAwMDAwMDAwMDAwLCJkZWxldGUiOjEyMDAwMDAwMDAwMDAsInVwZGF0ZSI6MTIwMDAwMDAwMDAwMH19",
          "dependencies": [
            "google_secret_manager_secret.db_pass"
          ]
        }
      ]
    },
    {
      "mode": "managed",
      "type": "google_sql_database",
      "name": "codex",
      "provider": "provider[\"registry.terraform.io/hashicorp/google\"]",
      "instances": [
        {
          "schema_version": 0,
          "attributes": {
            "charset": "UTF8",
            "collation": "en_US.UTF8",
            "deletion_policy": "DELETE",
            "id": "projects/codex-dominion-prod/instances/codex-ledger/databases/codex",
            "instance": "codex-ledger",
            "name": "codex",
            "project": "codex-dominion-prod",
            "self_link": "https://sqladmin.googleapis.com/sql/v1beta4/projects/codex-dominion-prod/instances/codex-ledger/databases/codex",
            "timeouts": null
          },
          "sensitive_attributes": [],
          "private": "eyJlMmJmYjczMC1lY2FhLTExZTYtOGY4OC0zNDM2M2JjN2M0YzAiOnsiY3JlYXRlIjoxMjAwMDAwMDAwMDAwLCJkZWxldGUiOjEyMDAwMDAwMDAwMDAsInVwZGF0ZSI6MTIwMDAwMDAwMDAwMH19",
          "dependencies": [
            "google_sql_database_instance.codex_ledger"
          ]
        }
      ]
    },
    {
      "mode": "managed",
      "type": "google_sql_database_instance",
      "name": "codex_ledger",
      "provider": "provider[\"registry.terraform.io/hashicorp/google\"]",
      "instances": [
        {
          "schema_version": 0,
          "attributes": {
            "available_maintenance_versions": [
              "POSTGRES_15_15.R20251004.01_19"
            ],
            "backupdr_backup": null,
            "clone": [],
            "connection_name": "codex-dominion-prod:us-central1:codex-ledger",
            "database_version": "POSTGRES_15",
            "deletion_protection": true,
            "dns_name": "",
            "dns_names": [],
            "encryption_key_name": null,
            "final_backup_description": null,
            "first_ip_address": "35.239.103.94",
            "id": "codex-ledger",
            "instance_type": "CLOUD_SQL_INSTANCE",
            "ip_address": [
              {
                "ip_address": "35.239.103.94",
                "time_to_retire": "",
                "type": "PRIMARY"
              },
              {
                "ip_address": "34.123.181.65",
                "time_to_retire": "",
                "type": "OUTGOING"
              }
            ],
            "maintenance_version": "POSTGRES_15_14.R20251004.01_14",
            "master_instance_name": "",
            "name": "codex-ledger",
            "node_count": 0,
            "point_in_time_restore_context": [],
            "private_ip_address": "",
            "project": "codex-dominion-prod",
            "psc_service_attachment_link": "",
            "public_ip_address": "35.239.103.94",
            "region": "us-central1",
            "replica_configuration": [],
            "replica_names": [],
            "replication_cluster": [
              {
                "dr_replica": false,
                "failover_dr_replica_name": "",
                "psa_write_endpoint": ""
              }
            ],
            "restore_backup_context": [],
            "root_password": null,
            "self_link": "https://sqladmin.googleapis.com/sql/v1beta4/projects/codex-dominion-prod/instances/codex-ledger",
            "server_ca_cert": [
              {
                "cert": "-----BEGIN CERTIFICATE-----\nMIIDfzCCAmegAwIBAgIBADANBgkqhkiG9w0BAQsFADB3MS0wKwYDVQQuEyQ1MzNm\nOTYwMS05ZGEzLTQxYjctOTZlYi0zODQxOGZlMDIyMWQxIzAhBgNVBAMTGkdvb2ds\nZSBDbG91ZCBTUUwgU2VydmVyIENBMRQwEgYDVQQKEwtHb29nbGUsIEluYzELMAkG\nA1UEBhMCVVMwHhcNMjUxMTA4MjEyMTU5WhcNMzUxMTA2MjEyMjU5WjB3MS0wKwYD\nVQQuEyQ1MzNmOTYwMS05ZGEzLTQxYjctOTZlYi0zODQxOGZlMDIyMWQxIzAhBgNV\nBAMTGkdvb2dsZSBDbG91ZCBTUUwgU2VydmVyIENBMRQwEgYDVQQKEwtHb29nbGUs\nIEluYzELMAkGA1UEBhMCVVMwggEiMA0GCSqGSIb3DQEBAQUAA4IBDwAwggEKAoIB\nAQCxZQ2KcZ07MnOEZsRGUI6Mrg030OgiGColHHzo4t19wl4UfPLAl6R/3wI027cr\n5A/qy1GayUw0XECu9ywnfl2SRKjoTSpC+LCEvMSS9kaIVHaotckIu+CPW/rlw6Bq\n6id6CxEa2LLYX6nqrbZU2RWC72gBJeWPTJafyW4By79b9RGxqBI+5/oMEsZ4IoQD\nK/047N5hvr7nWBklhUSM/ypM7IVkEtjAQ2xuqrOTYVNLU2cB73Iee8TnIoxmjaJk\nYzMkZYlz9XuLeYi79wBHA4c9L3E8QK118Cg1TtkrgJlHdfZXtTbm3IAdet6MAP8v\nRIiS1K3kddsFlm5r1kN+AavXAgMBAAGjFjAUMBIGA1UdEwEB/wQIMAYBAf8CAQAw\nDQYJKoZIhvcNAQELBQADggEBACadRrWtSL54pXguFt+GBy4aMe+JTcIIUeVpdS2g\n9DvV7nyJvf3Kqen4xkSdZohRpVGv3hZ9J7ViqmXseFyNAkfQYlvCzmKqdLvLCHCQ\ncPgEIe2fvmh19Za1Vf2GzaF+g4fnTMMRAM7f97HoKK9/a5BPythbCXwDRLPRyZbs\nqo9AzSbR4QRcJwHa+/uQmzcg9eU1I3DsP80/ub41mIDSuM43J9t/fnMjyUHJTx8+\n45pQz1p9+nj9N/LwDTpPHnFfJoy1BAB/046pl19Ma5ERCulrRc/ZmzickU7edCYn\nFg3QxmuaCn5MkinRvKpVfCq+TjiLXc3zsu6UjVG3ewTLA+k=\n-----END CERTIFICATE-----",
                "common_name": "C=US,O=Google\\, Inc,CN=Google Cloud SQL Server CA,dnQualifier=533f9601-9da3-41b7-96eb-38418fe0221d",
                "create_time": "2025-11-08T21:21:59.119Z",
                "expiration_time": "2035-11-06T21:22:59.119Z",
                "sha1_fingerprint": "c46c02d6447aec6c13d9ef8be556b4dba28437aa"
              }
            ],
            "service_account_email_address": "p718436124481-l26sss@gcp-sa-cloud-sql.iam.gserviceaccount.com",
            "settings": [
              {
                "activation_policy": "ALWAYS",
                "active_directory_config": [],
                "advanced_machine_features": [],
                "availability_type": "ZONAL",
                "backup_configuration": [
                  {
                    "backup_retention_settings": [
                      {
                        "retained_backups": 7,
                        "retention_unit": "COUNT"
                      }
                    ],
                    "binary_log_enabled": false,
                    "enabled": true,
                    "location": "",
                    "point_in_time_recovery_enabled": false,
                    "start_time": "05:00",
                    "transaction_log_retention_days": 7
                  }
                ],
                "collation": "",
                "connection_pool_config": [],
                "connector_enforcement": "NOT_REQUIRED",
                "data_cache_config": [
                  {
                    "data_cache_enabled": false
                  }
                ],
                "database_flags": [],
                "deletion_protection_enabled": false,
                "deny_maintenance_period": [],
                "disk_autoresize": true,
                "disk_autoresize_limit": 0,
                "disk_size": 10,
                "disk_type": "PD_SSD",
                "edition": "ENTERPRISE",
                "effective_availability_type": "ZONAL",
                "enable_dataplex_integration": false,
                "enable_google_ml_integration": false,
                "final_backup_config": [],
                "insights_config": [],
                "ip_configuration": [
                  {
                    "allocated_ip_range": "",
                    "authorized_networks": [],
                    "custom_subject_alternative_names": [],
                    "enable_private_path_for_google_cloud_services": false,
                    "ipv4_enabled": true,
                    "private_network": "",
                    "psc_config": [],
                    "server_ca_mode": "GOOGLE_MANAGED_INTERNAL_CA",
                    "server_ca_pool": "",
                    "ssl_mode": "ALLOW_UNENCRYPTED_AND_ENCRYPTED"
                  }
                ],
                "location_preference": [
                  {
                    "follow_gae_application": "",
                    "secondary_zone": "",
                    "zone": "us-central1-a"
                  }
                ],
                "maintenance_window": [],
                "password_validation_policy": [],
                "pricing_plan": "PER_USE",
                "read_pool_auto_scale_config": [
                  {
                    "disable_scale_in": false,
                    "enabled": false,
                    "max_node_count": 0,
                    "min_node_count": 0,
                    "scale_in_cooldown_seconds": 0,
                    "scale_out_cooldown_seconds": 0,
                    "target_metrics": []
                  }
                ],
                "retain_backups_on_delete": false,
                "sql_server_audit_config": [],
                "tier": "db-f1-micro",
                "time_zone": "",
                "user_labels": {},
                "version": 28
              }
            ],
            "timeouts": null
          },
          "sensitive_attributes": [],
          "private": "eyJlMmJmYjczMC1lY2FhLTExZTYtOGY4OC0zNDM2M2JjN2M0YzAiOnsiY3JlYXRlIjo1NDAwMDAwMDAwMDAwLCJkZWxldGUiOjU0MDAwMDAwMDAwMDAsInVwZGF0ZSI6NTQwMDAwMDAwMDAwMH19"
        }
      ]
    },
    {
      "mode": "managed",
      "type": "google_sql_user",
      "name": "codex_user",
      "provider": "provider[\"registry.terraform.io/hashicorp/google\"]",
      "instances": [
        {
          "schema_version": 1,
          "attributes": {
            "deletion_policy": null,
            "host": "",
            "id": "codex_user//codex-ledger",
            "instance": "codex-ledger",
            "name": "codex_user",
            "password": "codex_pass",
            "password_policy": [],
            "password_wo": null,
            "password_wo_version": null,
            "project": "codex-dominion-prod",
            "sql_server_user_details": [],
            "timeouts": null,
            "type": ""
          },
          "sensitive_attributes": [
            [
              {
                "type": "get_attr",
                "value": "password"
              }
            ]
          ],
          "private": "eyJlMmJmYjczMC1lY2FhLTExZTYtOGY4OC0zNDM2M2JjN2M0YzAiOnsiY3JlYXRlIjo2MDAwMDAwMDAwMDAsImRlbGV0ZSI6NjAwMDAwMDAwMDAwLCJ1cGRhdGUiOjYwMDAwMDAwMDAwMH0sInNjaGVtYV92ZXJzaW9uIjoiMSJ9",
          "dependencies": [
            "google_sql_database_instance.codex_ledger"
          ]
        }
      ]
    },
    {
      "mode": "managed",
      "type": "google_storage_bucket",
      "name": "codex_artifacts",
      "provider": "provider[\"registry.terraform.io/hashicorp/google\"]",
      "instances": [
        {
          "schema_version": 4,
          "attributes": {
            "autoclass": [],
            "cors": [],
            "custom_placement_config": [],
            "default_event_based_hold": false,
            "effective_labels": {
              "goog-terraform-provisioned": "true"
            },
            "enable_object_retention": false,
            "encryption": [],
            "force_destroy": true,
            "hierarchical_namespace": [
              {
                "enabled": false
              }
            ],
            "id": "codex-artifacts-codex-dominion-prod",
            "ip_filter": [],
            "labels": {},
            "lifecycle_rule": [],
            "location": "US-CENTRAL1",
            "logging": [],
            "name": "codex-artifacts-codex-dominion-prod",
            "project": "codex-dominion-prod",
            "project_number": 718436124481,
            "public_access_prevention": "inherited",
            "requester_pays": false,
            "retention_policy": [],
            "rpo": null,
            "self_link": "https://www.googleapis.com/storage/v1/b/codex-artifacts-codex-dominion-prod",
            "soft_delete_policy": [
              {
                "effective_time": "2025-11-08T21:49:47.409Z",
                "retention_duration_seconds": 604800
              }
            ],
            "storage_class": "STANDARD",
            "terraform_labels": {
              "goog-terraform-provisioned": "true"
            },
            "time_created": "2025-11-08T21:49:47.409Z",
            "timeouts": null,
            "uniform_bucket_level_access": true,
            "updated": "2025-11-08T21:49:47.409Z",
            "url": "gs://codex-artifacts-codex-dominion-prod",
            "versioning": [
              {
                "enabled": true
              }
            ],
            "website": []
          },
          "sensitive_attributes": [],
          "private": "eyJlMmJmYjczMC1lY2FhLTExZTYtOGY4OC0zNDM2M2JjN2M0YzAiOnsiY3JlYXRlIjo2MDAwMDAwMDAwMDAsInJlYWQiOjI0MDAwMDAwMDAwMCwidXBkYXRlIjoyNDAwMDAwMDAwMDB9LCJzY2hlbWFfdmVyc2lvbiI6IjQifQ=="
        }
      ]
    }
  ],
  "check_results": null
}
